
Microsoft Visual Studio Solution File, Format Version 12.00
# Visual Studio Version 16
VisualStudioVersion = 16.0.29613.14
MinimumVisualStudioVersion = 10.0.40219.1
Project("{FAE04EC0-301F-11D3-BF4B-00C04F79EFBC}") = "Repos", "Repos\Repos.csproj", "{728EFC3E-75FA-4723-B717-5B916ACE81D4}"
EndProject
Global
	GlobalSection(SolutionConfigurationPlatforms) = preSolution
		Debug|Any CPU = Debug|Any CPU
		Release|Any CPU = Release|Any CPU
	EndGlobalSection
	GlobalSection(ProjectConfigurationPlatforms) = postSolution
		{728EFC3E-75FA-4723-B717-5B916ACE81D4}.Debug|Any CPU.ActiveCfg = Debug|Any CPU
		{728EFC3E-75FA-4723-B717-5B916ACE81D4}.Debug|Any CPU.Build.0 = Debug|Any CPU
		{728EFC3E-75FA-4723-B717-5B916ACE81D4}.Release|Any CPU.ActiveCfg = Release|Any CPU
		{728EFC3E-75FA-4723-B717-5B916ACE81D4}.Release|Any CPU.Build.0 = Release|Any CPU
	EndGlobalSection
	GlobalSection(SolutionProperties) = preSolution
		HideSolutionNode = FALSE
	EndGlobalSection
	GlobalSection(ExtensibilityGlobals) = postSolution
		SolutionGuid = {F805806D-6A38-4C45-A437-12251C063137}
	EndGlobalSection
EndGlobal
